
Microsoft Visual Studio Solution File, Format Version 12.00
# Visual Studio Version 17
VisualStudioVersion = 17.9.34728.123
MinimumVisualStudioVersion = 10.0.40219.1
Project("{9A19103F-16F7-4668-BE54-9A1E7A4F7556}") = "SistemaBiblioteca", "SistemaBiblioteca.csproj", "{70BB44ED-B01F-425B-BF9E-D43DE24D4E0E}"
EndProject
Global
	GlobalSection(SolutionConfigurationPlatforms) = preSolution
		Debug|Any CPU = Debug|Any CPU
		Release|Any CPU = Release|Any CPU
	EndGlobalSection
	GlobalSection(ProjectConfigurationPlatforms) = postSolution
		{70BB44ED-B01F-425B-BF9E-D43DE24D4E0E}.Debug|Any CPU.ActiveCfg = Debug|Any CPU
		{70BB44ED-B01F-425B-BF9E-D43DE24D4E0E}.Debug|Any CPU.Build.0 = Debug|Any CPU
		{70BB44ED-B01F-425B-BF9E-D43DE24D4E0E}.Release|Any CPU.ActiveCfg = Release|Any CPU
		{70BB44ED-B01F-425B-BF9E-D43DE24D4E0E}.Release|Any CPU.Build.0 = Release|Any CPU
	EndGlobalSection
	GlobalSection(SolutionProperties) = preSolution
		HideSolutionNode = FALSE
	EndGlobalSection
	GlobalSection(ExtensibilityGlobals) = postSolution
		SolutionGuid = {652B7CBC-4B6B-49E6-874D-D7FEFE9855F3}
	EndGlobalSection
EndGlobal
